PODS:
  - Flutter (1.0.0)
  - limit_textfield (0.0.1):
    - Flutter

DEPENDENCIES:
  - Flutter (from `Flutter`)
  - limit_textfield (from `.symlinks/plugins/limit_textfield/ios`)

EXTERNAL SOURCES:
  Flutter:
    :path: Flutter
  limit_textfield:
    :path: ".symlinks/plugins/limit_textfield/ios"

SPEC CHECKSUMS:
  Flutter: 0e3d915762c693b495b44d77113d4970485de6ec
  limit_textfield: f120b0cbbf0f59ccdd07ec520ba4adfc25fe4e84

PODFILE CHECKSUM: 3dbe063e9c90a5d7c9e4e76e70a821b9e2c1d271

COCOAPODS: 1.9.3
